// !$*UTF8*$!
{
	archiveVersion = 1;
	classes = {
	};
	objectVersion = 46;
	objects = {

/* Begin PBXBuildFile section */
		0D3F39DB1A806DE70064F23B /* AppDelegate.swift in Sources */ = {isa = PBXBuildFile; fileRef = 0D3F39DA1A806DE70064F23B /* AppDelegate.swift */; };
		0D3F39DD1A806DE70064F23B /* ViewController.swift in Sources */ = {isa = PBXBuildFile; fileRef = 0D3F39DC1A806DE70064F23B /* ViewController.swift */; };
		0D3F39E01A806DE70064F23B /* Main.storyboard in Resources */ = {isa = PBXBuildFile; fileRef = 0D3F39DE1A806DE70064F23B /* Main.storyboard */; };
		0D3F39E21A806DE70064F23B /* Images.xcassets in Resources */ = {isa = PBXBuildFile; fileRef = 0D3F39E11A806DE70064F23B /* Images.xcassets */; };
		0D3F39E51A806DE70064F23B /* LaunchScreen.xib in Resources */ = {isa = PBXBuildFile; fileRef = 0D3F39E31A806DE70064F23B /* LaunchScreen.xib */; };
		0D3F39F11A806DE80064F23B /* thebestappTests.swift in Sources */ = {isa = PBXBuildFile; fileRef = 0D3F39F01A806DE80064F23B /* thebestappTests.swift */; };
/* End PBXBuildFile section */

/* Begin PBXContainerItemProxy section */
		0D3F39EB1A806DE80064F23B /* PBXContainerItemProxy */ = {
			isa = PBXContainerItemProxy;
			containerPortal = 0D3F39CD1A806DE70064F23B /* Project object */;
			proxyType = 1;
			remoteGlobalIDString = 0D3F39D41A806DE70064F23B;
			remoteInfo = thebestapp;
		};
/* End PBXContainerItemProxy section */

/* Begin PBXFileReference section */
		0D3F39D51A806DE70064F23B /* thebestapp.app */ = {isa = PBXFileReference; explicitFileType = wrapper.application; includeInIndex = 0; path = thebestapp.app; sourceTree = BUILT_PRODUCTS_DIR; };
		0D3F39D91A806DE70064F23B /* Info.plist */ = {isa = PBXFileReference; lastKnownFileType = text.plist.xml; path = Info.plist; sourceTree = "<group>"; };
		0D3F39DA1A806DE70064F23B /* AppDelegate.swift */ = {isa = PBXFileReference; lastKnownFileType = sourcecode.swift; path = AppDelegate.swift; sourceTree = "<group>"; };
		0D3F39DC1A806DE70064F23B /* ViewController.swift */ = {isa = PBXFileReference; lastKnownFileType = sourcecode.swift; path = ViewController.swift; sourceTree = "<group>"; };
		0D3F39DF1A806DE70064F23B /* Base */ = {isa = PBXFileReference; lastKnownFileType = file.storyboard; name = Base; path = Base.lproj/Main.storyboard; sourceTree = "<group>"; };
		0D3F39E11A806DE70064F23B /* Images.xcassets */ = {isa = PBXFileReference; lastKnownFileType = folder.assetcatalog; path = Images.xcassets; sourceTree = "<group>"; };
		0D3F39E41A806DE70064F23B /* Base */ = {isa = PBXFileReference; lastKnownFileType = file.xib; name = Base; path = Base.lproj/LaunchScreen.xib; sourceTree = "<group>"; };
		0D3F39EA1A806DE80064F23B /* thebestappTests.xctest */ = {isa = PBXFileReference; explicitFileType = wrapper.cfbundle; includeInIndex = 0; path = thebestappTests.xctest; sourceTree = BUILT_PRODUCTS_DIR; };
		0D3F39EF1A806DE80064F23B /* Info.plist */ = {isa = PBXFileReference; lastKnownFileType = text.plist.xml; path = Info.plist; sourceTree = "<group>"; };
		0D3F39F01A806DE80064F23B /* thebestappTests.swift */ = {isa = PBXFileReference; lastKnownFileType = sourcecode.swift; path = thebestappTests.swift; sourceTree = "<group>"; };
/* End PBXFileReference section */

/* Begin PBXFrameworksBuildPhase section */
		0D3F39D21A806DE70064F23B /* Frameworks */ = {
			isa = PBXFrameworksBuildPhase;
			buildActionMask = 2147483647;
			files = (
			);
			runOnlyForDeploymentPostprocessing = 0;
		};
		0D3F39E71A806DE80064F23B /* Frameworks */ = {
			isa = PBXFrameworksBuildPhase;
			buildActionMask = 2147483647;
			files = (
			);
			runOnlyForDeploymentPostprocessing = 0;
		};
/* End PBXFrameworksBuildPhase section */

/* Begin PBXGroup section */
		0D3F39CC1A806DE70064F23B = {
			isa = PBXGroup;
			children = (
				0D3F39D71A806DE70064F23B /* thebestapp */,
				0D3F39ED1A806DE80064F23B /* thebestappTests */,
				0D3F39D61A806DE70064F23B /* Products */,
			);
			sourceTree = "<group>";
		};
		0D3F39D61A806DE70064F23B /* Products */ = {
			isa = PBXGroup;
			children = (
				0D3F39D51A806DE70064F23B /* thebestapp.app */,
				0D3F39EA1A806DE80064F23B /* thebestappTests.xctest */,
			);
			name = Products;
			sourceTree = "<group>";
		};
		0D3F39D71A806DE70064F23B /* thebestapp */ = {
			isa = PBXGroup;
			children = (
				0D3F39DA1A806DE70064F23B /* AppDelegate.swift */,
				0D3F39DC1A806DE70064F23B /* ViewController.swift */,
				0D3F39DE1A806DE70064F23B /* Main.storyboard */,
				0D3F39E11A806DE70064F23B /* Images.xcassets */,
				0D3F39E31A806DE70064F23B /* LaunchScreen.xib */,
				0D3F39D81A806DE70064F23B /* Supporting Files */,
			);
			path = thebestapp;
			sourceTree = "<group>";
		};
		0D3F39D81A806DE70064F23B /* Supporting Files */ = {
			isa = PBXGroup;
			children = (
				0D3F39D91A806DE70064F23B /* Info.plist */,
			);
			name = "Supporting Files";
			sourceTree = "<group>";
		};
		0D3F39ED1A806DE80064F23B /* thebestappTests */ = {
			isa = PBXGroup;
			children = (
				0D3F39F01A806DE80064F23B /* thebestappTests.swift */,
				0D3F39EE1A806DE80064F23B /* Supporting Files */,
			);
			path = thebestappTests;
			sourceTree = "<group>";
		};
		0D3F39EE1A806DE80064F23B /* Supporting Files */ = {
			isa = PBXGroup;
			children = (
				0D3F39EF1A806DE80064F23B /* Info.plist */,
			);
			name = "Supporting Files";
			sourceTree = "<group>";
		};
/* End PBXGroup section */

/* Begin PBXNativeTarget section */
		0D3F39D41A806DE70064F23B /* thebestapp */ = {
			isa = PBXNativeTarget;
			buildConfigurationList = 0D3F39F41A806DE80064F23B /* Build configuration list for PBXNativeTarget "thebestapp" */;
			buildPhases = (
				0D3F39D11A806DE70064F23B /* Sources */,
				0D3F39D21A806DE70064F23B /* Frameworks */,
				0D3F39D31A806DE70064F23B /* Resources */,
			);
			buildRules = (
			);
			dependencies = (
			);
			name = thebestapp;
			productName = thebestapp;
			productReference = 0D3F39D51A806DE70064F23B /* thebestapp.app */;
			productType = "com.apple.product-type.application";
		};
		0D3F39E91A806DE80064F23B /* thebestappTests */ = {
			isa = PBXNativeTarget;
			buildConfigurationList = 0D3F39F71A806DE80064F23B /* Build configuration list for PBXNativeTarget "thebestappTests" */;
			buildPhases = (
				0D3F39E61A806DE80064F23B /* Sources */,
				0D3F39E71A806DE80064F23B /* Frameworks */,
				0D3F39E81A806DE80064F23B /* Resources */,
			);
			buildRules = (
			);
			dependencies = (
				0D3F39EC1A806DE80064F23B /* PBXTargetDependency */,
			);
			name = thebestappTests;
			productName = thebestappTests;
			productReference = 0D3F39EA1A806DE80064F23B /* thebestappTests.xctest */;
			productType = "com.apple.product-type.bundle.unit-test";
		};
/* End PBXNativeTarget section */

/* Begin PBXProject section */
		0D3F39CD1A806DE70064F23B /* Project object */ = {
			isa = PBXProject;
			attributes = {
				LastUpgradeCheck = 0610;
				ORGANIZATIONNAME = "Rock Valley College";
				TargetAttributes = {
					0D3F39D41A806DE70064F23B = {
						CreatedOnToolsVersion = 6.1;
					};
					0D3F39E91A806DE80064F23B = {
						CreatedOnToolsVersion = 6.1;
						TestTargetID = 0D3F39D41A806DE70064F23B;
					};
				};
			};
			buildConfigurationList = 0D3F39D01A806DE70064F23B /* Build configuration list for PBXProject "thebestapp" */;
			compatibilityVersion = "Xcode 3.2";
			developmentRegion = English;
			hasScannedForEncodings = 0;
			knownRegions = (
				en,
				Base,
			);
			mainGroup = 0D3F39CC1A806DE70064F23B;
			productRefGroup = 0D3F39D61A806DE70064F23B /* Products */;
			projectDirPath = "";
			projectRoot = "";
			targets = (
				0D3F39D41A806DE70064F23B /* thebestapp */,
				0D3F39E91A806DE80064F23B /* thebestappTests */,
			);
		};
/* End PBXProject section */

/* Begin PBXResourcesBuildPhase section */
		0D3F39D31A806DE70064F23B /* Resources */ = {
			isa = PBXResourcesBuildPhase;
			buildActionMask = 2147483647;
			files = (
				0D3F39E01A806DE70064F23B /* Main.storyboard in Resources */,
				0D3F39E51A806DE70064F23B /* LaunchScreen.xib in Resources */,
				0D3F39E21A806DE70064F23B /* Images.xcassets in Resources */,
			);
			runOnlyForDeploymentPostprocessing = 0;
		};
		0D3F39E81A806DE80064F23B /* Resources */ = {
			isa = PBXResourcesBuildPhase;
			buildActionMask = 2147483647;
			files = (
			);
			runOnlyForDeploymentPostprocessing = 0;
		};
/* End PBXResourcesBuildPhase section */

/* Begin PBXSourcesBuildPhase section */
		0D3F39D11A806DE70064F23B /* Sources */ = {
			isa = PBXSourcesBuildPhase;
			buildActionMask = 2147483647;
			files = (
				0D3F39DD1A806DE70064F23B /* ViewController.swift in Sources */,
				0D3F39DB1A806DE70064F23B /* AppDelegate.swift in Sources */,
			);
			runOnlyForDeploymentPostprocessing = 0;
		};
		0D3F39E61A806DE80064F23B /* Sources */ = {
			isa = PBXSourcesBuildPhase;
			buildActionMask = 2147483647;
			files = (
				0D3F39F11A806DE80064F23B /* thebestappTests.swift in Sources */,
			);
			runOnlyForDeploymentPostprocessing = 0;
		};
/* End PBXSourcesBuildPhase section */

/* Begin PBXTargetDependency section */
		0D3F39EC1A806DE80064F23B /* PBXTargetDependency */ = {
			isa = PBXTargetDependency;
			target = 0D3F39D41A806DE70064F23B /* thebestapp */;
			targetProxy = 0D3F39EB1A806DE80064F23B /* PBXContainerItemProxy */;
		};
/* End PBXTargetDependency section */

/* Begin PBXVariantGroup section */
		0D3F39DE1A806DE70064F23B /* Main.storyboard */ = {
			isa = PBXVariantGroup;
			children = (
				0D3F39DF1A806DE70064F23B /* Base */,
			);
			name = Main.storyboard;
			sourceTree = "<group>";
		};
		0D3F39E31A806DE70064F23B /* LaunchScreen.xib */ = {
			isa = PBXVariantGroup;
			children = (
				0D3F39E41A806DE70064F23B /* Base */,
			);
			name = LaunchScreen.xib;
			sourceTree = "<group>";
		};
/* End PBXVariantGroup section */

/* Begin XCBuildConfiguration section */
		0D3F39F21A806DE80064F23B /* Debug */ = {
			isa = XCBuildConfiguration;
			buildSettings = {
				ALWAYS_SEARCH_USER_PATHS = NO;
				CLANG_CXX_LANGUAGE_STANDARD = "gnu++0x";
				CLANG_CXX_LIBRARY = "libc++";
				CLANG_ENABLE_MODULES = YES;
				CLANG_ENABLE_OBJC_ARC = YES;
				CLANG_WARN_BOOL_CONVERSION = YES;
				CLANG_WARN_CONSTANT_CONVERSION = YES;
				CLANG_WARN_DIRECT_OBJC_ISA_USAGE = YES_ERROR;
				CLANG_WARN_EMPTY_BODY = YES;
				CLANG_WARN_ENUM_CONVERSION = YES;
				CLANG_WARN_INT_CONVERSION = YES;
				CLANG_WARN_OBJC_ROOT_CLASS = YES_ERROR;
				CLANG_WARN_UNREACHABLE_CODE = YES;
				CLANG_WARN__DUPLICATE_METHOD_MATCH = YES;
				"CODE_SIGN_IDENTITY[sdk=iphoneos*]" = "iPhone Developer";
				COPY_PHASE_STRIP = NO;
				ENABLE_STRICT_OBJC_MSGSEND = YES;
				GCC_C_LANGUAGE_STANDARD = gnu99;
				GCC_DYNAMIC_NO_PIC = NO;
				GCC_OPTIMIZATION_LEVEL = 0;
				GCC_PREPROCESSOR_DEFINITIONS = (
					"DEBUG=1",
					"$(inherited)",
				);
				GCC_SYMBOLS_PRIVATE_EXTERN = NO;
				GCC_WARN_64_TO_32_BIT_CONVERSION = YES;
				GCC_WARN_ABOUT_RETURN_TYPE = YES_ERROR;
				GCC_WARN_UNDECLARED_SELECTOR = YES;
				GCC_WARN_UNINITIALIZED_AUTOS = YES_AGGRESSIVE;
				GCC_WARN_UNUSED_FUNCTION = YES;
				GCC_WARN_UNUSED_VARIABLE = YES;
				IPHONEOS_DEPLOYMENT_TARGET = 8.1;
				MTL_ENABLE_DEBUG_INFO = YES;
				ONLY_ACTIVE_ARCH = YES;
				SDKROOT = iphoneos;
				SWIFT_OPTIMIZATION_LEVEL = "-Onone";
			};
			name = Debug;
		};
		0D3F39F31A806DE80064F23B /* Release */ = {
			isa = XCBuildConfiguration;
			buildSettings = {
				ALWAYS_SEARCH_USER_PATHS = NO;
				CLANG_CXX_LANGUAGE_STANDARD = "gnu++0x";
				CLANG_CXX_LIBRARY = "libc++";
				CLANG_ENABLE_MODULES = YES;
				CLANG_ENABLE_OBJC_ARC = YES;
				CLANG_WARN_BOOL_CONVERSION = YES;
				CLANG_WARN_CONSTANT_CONVERSION = YES;
				CLANG_WARN_DIRECT_OBJC_ISA_USAGE = YES_ERROR;
				CLANG_WARN_EMPTY_BODY = YES;
				CLANG_WARN_ENUM_CONVERSION = YES;
				CLANG_WARN_INT_CONVERSION = YES;
				CLANG_WARN_OBJC_ROOT_CLASS = YES_ERROR;
				CLANG_WARN_UNREACHABLE_CODE = YES;
				CLANG_WARN__DUPLICATE_METHOD_MATCH = YES;
				"CODE_SIGN_IDENTITY[sdk=iphoneos*]" = "iPhone Developer";
				COPY_PHASE_STRIP = YES;
				ENABLE_NS_ASSERTIONS = NO;
				ENABLE_STRICT_OBJC_MSGSEND = YES;
				GCC_C_LANGUAGE_STANDARD = gnu99;
				GCC_WARN_64_TO_32_BIT_CONVERSION = YES;
				GCC_WARN_ABOUT_RETURN_TYPE = YES_ERROR;
				GCC_WARN_UNDECLARED_SELECTOR = YES;
				GCC_WARN_UNINITIALIZED_AUTOS = YES_AGGRESSIVE;
				GCC_WARN_UNUSED_FUNCTION = YES;
				GCC_WARN_UNUSED_VARIABLE = YES;
				IPHONEOS_DEPLOYMENT_TARGET = 8.1;
				MTL_ENABLE_DEBUG_INFO = NO;
				SDKROOT = iphoneos;
				VALIDATE_PRODUCT = YES;
			};
			name = Release;
		};
		0D3F39F51A806DE80064F23B /* Debug */ = {
			isa = XCBuildConfiguration;
			buildSettings = {
				ASSETCATALOG_COMPILER_APPICON_NAME = AppIcon;
				INFOPLIST_FILE = thebestapp/Info.plist;
				LD_RUNPATH_SEARCH_PATHS = "$(inherited) @executable_path/Frameworks";
				PRODUCT_NAME = "$(TARGET_NAME)";
			};
			name = Debug;
		};
		0D3F39F61A806DE80064F23B /* Release */ = {
			isa = XCBuildConfiguration;
			buildSettings = {
				ASSETCATALOG_COMPILER_APPICON_NAME = AppIcon;
				INFOPLIST_FILE = thebestapp/Info.plist;
				LD_RUNPATH_SEARCH_PATHS = "$(inherited) @executable_path/Frameworks";
				PRODUCT_NAME = "$(TARGET_NAME)";
			};
			name = Release;
		};
		0D3F39F81A806DE80064F23B /* Debug */ = {
			isa = XCBuildConfiguration;
			buildSettings = {
				BUNDLE_LOADER = "$(TEST_HOST)";
				FRAMEWORK_SEARCH_PATHS = (
					"$(SDKROOT)/Developer/Library/Frameworks",
					"$(inherited)",
				);
				GCC_PREPROCESSOR_DEFINITIONS = (
					"DEBUG=1",
					"$(inherited)",
				);
				INFOPLIST_FILE = thebestappTests/Info.plist;
				LD_RUNPATH_SEARCH_PATHS = "$(inherited) @executable_path/Frameworks @loader_path/Frameworks";
				PRODUCT_NAME = "$(TARGET_NAME)";
				TEST_HOST = "$(BUILT_PRODUCTS_DIR)/thebestapp.app/thebestapp";
			};
			name = Debug;
		};
		0D3F39F91A806DE80064F23B /* Release */ = {
			isa = XCBuildConfiguration;
			buildSettings = {
				BUNDLE_LOADER = "$(TEST_HOST)";
				FRAMEWORK_SEARCH_PATHS = (
					"$(SDKROOT)/Developer/Library/Frameworks",
					"$(inherited)",
				);
				INFOPLIST_FILE = thebestappTests/Info.plist;
				LD_RUNPATH_SEARCH_PATHS = "$(inherited) @executable_path/Frameworks @loader_path/Frameworks";
				PRODUCT_NAME = "$(TARGET_NAME)";
				TEST_HOST = "$(BUILT_PRODUCTS_DIR)/thebestapp.app/thebestapp";
			};
			name = Release;
		};
/* End XCBuildConfiguration section */

/* Begin XCConfigurationList section */
		0D3F39D01A806DE70064F23B /* Build configuration list for PBXProject "thebestapp" */ = {
			isa = XCConfigurationList;
			buildConfigurations = (
				0D3F39F21A806DE80064F23B /* Debug */,
				0D3F39F31A806DE80064F23B /* Release */,
			);
			defaultConfigurationIsVisible = 0;
			defaultConfigurationName = Release;
		};
		0D3F39F41A806DE80064F23B /* Build configuration list for PBXNativeTarget "thebestapp" */ = {
			isa = XCConfigurationList;
			buildConfigurations = (
				0D3F39F51A806DE80064F23B /* Debug */,
				0D3F39F61A806DE80064F23B /* Release */,
			);
			defaultConfigurationIsVisible = 0;
		};
		0D3F39F71A806DE80064F23B /* Build configuration list for PBXNativeTarget "thebestappTests" */ = {
			isa = XCConfigurationList;
			buildConfigurations = (
				0D3F39F81A806DE80064F23B /* Debug */,
				0D3F39F91A806DE80064F23B /* Release */,
			);
			defaultConfigurationIsVisible = 0;
		};
/* End XCConfigurationList section */
	};
	rootObject = 0D3F39CD1A806DE70064F23B /* Project object */;
}
